
Microsoft Visual Studio Solution File, Format Version 12.00
# Visual Studio Version 16
VisualStudioVersion = 16.0.31313.79
MinimumVisualStudioVersion = 10.0.40219.1
Project("{FAE04EC0-301F-11D3-BF4B-00C04F79EFBC}") = "Gestion_Citas_Covid19", "Gestion_Citas_Covid19.csproj", "{F77161B6-545B-4784-B97C-0B49A6C4AE16}"
EndProject
Global
	GlobalSection(SolutionConfigurationPlatforms) = preSolution
		Debug|Any CPU = Debug|Any CPU
		Release|Any CPU = Release|Any CPU
	EndGlobalSection
	GlobalSection(ProjectConfigurationPlatforms) = postSolution
		{F77161B6-545B-4784-B97C-0B49A6C4AE16}.Debug|Any CPU.ActiveCfg = Debug|Any CPU
		{F77161B6-545B-4784-B97C-0B49A6C4AE16}.Debug|Any CPU.Build.0 = Debug|Any CPU
		{F77161B6-545B-4784-B97C-0B49A6C4AE16}.Release|Any CPU.ActiveCfg = Release|Any CPU
		{F77161B6-545B-4784-B97C-0B49A6C4AE16}.Release|Any CPU.Build.0 = Release|Any CPU
	EndGlobalSection
	GlobalSection(SolutionProperties) = preSolution
		HideSolutionNode = FALSE
	EndGlobalSection
	GlobalSection(ExtensibilityGlobals) = postSolution
		SolutionGuid = {43237B31-C555-4A3F-A68C-E8999DCB9526}
	EndGlobalSection
EndGlobal
